
Microsoft Visual Studio Solution File, Format Version 12.00
# Visual Studio Version 17
VisualStudioVersion = 17.0.31612.314
MinimumVisualStudioVersion = 10.0.40219.1
Project("{9A19103F-16F7-4668-BE54-9A1E7A4F7556}") = "Core", "src\Core\Core.csproj", "{F8F8A9AD-B1F2-455A-BB49-9B80E6232EE5}"
EndProject
Project("{9A19103F-16F7-4668-BE54-9A1E7A4F7556}") = "Core.Tests", "test\Core\Core.Tests.csproj", "{B588B4D4-F44A-4C64-A373-B039E7DEB274}"
EndProject
Project("{9A19103F-16F7-4668-BE54-9A1E7A4F7556}") = "Samples", "samples\Samples\Samples.csproj", "{2F750E93-D610-485D-9A48-B09B2E7C6636}"
EndProject
Project("{9A19103F-16F7-4668-BE54-9A1E7A4F7556}") = "Parsing", "src\Parsing\Parsing.csproj", "{96587B4A-E2C2-4FFD-90C3-14B67BE0434D}"
EndProject
Project("{9A19103F-16F7-4668-BE54-9A1E7A4F7556}") = "Parsing.Tests", "test\Parsing\Parsing.Tests.csproj", "{97081286-587E-4212-93DB-F0651F2D7014}"
EndProject
Project("{9A19103F-16F7-4668-BE54-9A1E7A4F7556}") = "Parsing.Benchmarks", "benchmark\Parsing\Parsing.Benchmarks.csproj", "{A6FF82DC-719B-4FCD-B564-4D69C2A2749C}"
EndProject
Global
	GlobalSection(SolutionConfigurationPlatforms) = preSolution
		Debug|Any CPU = Debug|Any CPU
		Release|Any CPU = Release|Any CPU
	EndGlobalSection
	GlobalSection(ProjectConfigurationPlatforms) = postSolution
		{F8F8A9AD-B1F2-455A-BB49-9B80E6232EE5}.Debug|Any CPU.ActiveCfg = Debug|Any CPU
		{F8F8A9AD-B1F2-455A-BB49-9B80E6232EE5}.Debug|Any CPU.Build.0 = Debug|Any CPU
		{F8F8A9AD-B1F2-455A-BB49-9B80E6232EE5}.Release|Any CPU.ActiveCfg = Release|Any CPU
		{F8F8A9AD-B1F2-455A-BB49-9B80E6232EE5}.Release|Any CPU.Build.0 = Release|Any CPU
		{B588B4D4-F44A-4C64-A373-B039E7DEB274}.Debug|Any CPU.ActiveCfg = Debug|Any CPU
		{B588B4D4-F44A-4C64-A373-B039E7DEB274}.Debug|Any CPU.Build.0 = Debug|Any CPU
		{B588B4D4-F44A-4C64-A373-B039E7DEB274}.Release|Any CPU.ActiveCfg = Release|Any CPU
		{B588B4D4-F44A-4C64-A373-B039E7DEB274}.Release|Any CPU.Build.0 = Release|Any CPU
		{2F750E93-D610-485D-9A48-B09B2E7C6636}.Debug|Any CPU.ActiveCfg = Debug|Any CPU
		{2F750E93-D610-485D-9A48-B09B2E7C6636}.Debug|Any CPU.Build.0 = Debug|Any CPU
		{2F750E93-D610-485D-9A48-B09B2E7C6636}.Release|Any CPU.ActiveCfg = Release|Any CPU
		{2F750E93-D610-485D-9A48-B09B2E7C6636}.Release|Any CPU.Build.0 = Release|Any CPU
		{96587B4A-E2C2-4FFD-90C3-14B67BE0434D}.Debug|Any CPU.ActiveCfg = Debug|Any CPU
		{96587B4A-E2C2-4FFD-90C3-14B67BE0434D}.Debug|Any CPU.Build.0 = Debug|Any CPU
		{96587B4A-E2C2-4FFD-90C3-14B67BE0434D}.Release|Any CPU.ActiveCfg = Release|Any CPU
		{96587B4A-E2C2-4FFD-90C3-14B67BE0434D}.Release|Any CPU.Build.0 = Release|Any CPU
		{97081286-587E-4212-93DB-F0651F2D7014}.Debug|Any CPU.ActiveCfg = Debug|Any CPU
		{97081286-587E-4212-93DB-F0651F2D7014}.Debug|Any CPU.Build.0 = Debug|Any CPU
		{97081286-587E-4212-93DB-F0651F2D7014}.Release|Any CPU.ActiveCfg = Release|Any CPU
		{97081286-587E-4212-93DB-F0651F2D7014}.Release|Any CPU.Build.0 = Release|Any CPU
		{A6FF82DC-719B-4FCD-B564-4D69C2A2749C}.Debug|Any CPU.ActiveCfg = Debug|Any CPU
		{A6FF82DC-719B-4FCD-B564-4D69C2A2749C}.Debug|Any CPU.Build.0 = Debug|Any CPU
		{A6FF82DC-719B-4FCD-B564-4D69C2A2749C}.Release|Any CPU.ActiveCfg = Release|Any CPU
		{A6FF82DC-719B-4FCD-B564-4D69C2A2749C}.Release|Any CPU.Build.0 = Release|Any CPU
	EndGlobalSection
	GlobalSection(SolutionProperties) = preSolution
		HideSolutionNode = FALSE
	EndGlobalSection
	GlobalSection(ExtensibilityGlobals) = postSolution
		SolutionGuid = {9CF3477E-4C64-4186-B096-7C772A5DE8DB}
	EndGlobalSection
EndGlobal
